<?xml version="1.0" encoding="utf-8"?>
<Project ToolsVersion="4.0" xmlns="http://schemas.microsoft.com/developer/msbuild/2003">
  <ItemGroup>
    <Filter Include="Source Files">
      <UniqueIdentifier>{4FC737F1-C7A5-4376-A066-2A32D752A2FF}</UniqueIdentifier>
      <Extensions>cpp;c;cc;cxx;def;odl;idl;hpj;bat;asm;asmx</Extensions>
    </Filter>
    <Filter Include="Header Files">
      <UniqueIdentifier>{93995380-89BD-4b04-88EB-625FBE52EBFB}</UniqueIdentifier>
      <Extensions>h;hh;hpp;hxx;hm;inl;inc;xsd</Extensions>
    </Filter>
    <Filter Include="Resource Files">
      <UniqueIdentifier>{67DA6AB6-F800-4c08-8B7A-83BB121AAD01}</UniqueIdentifier>
      <Extensions>rc;ico;cur;bmp;dlg;rc2;rct;bin;rgs;gif;jpg;jpeg;jpe;resx;tiff;tif;png;wav</Extensions>
    </Filter>
  </ItemGroup>
  <ItemGroup>
    <ClCompile Include="src\FFT.c">
      <Filter>Source Files</Filter>
    </ClCompile>
    <ClCompile Include="src\frequencyHandler.c">
      <Filter>Source Files</Filter>
    </ClCompile>
    <ClCompile Include="src\global.c">
      <Filter>Source Files</Filter>
    </ClCompile>
    <ClCompile Include="src\gui.c">
      <Filter>Source Files</Filter>
    </ClCompile>
    <ClCompile Include="src\main.c">
      <Filter>Source Files</Filter>
    </ClCompile>
    <ClCompile Include="src\mainFunctions.c">
      <Filter>Source Files</Filter>
    </ClCompile>
    <ClCompile Include="src\MIDIHandler.c">
      <Filter>Source Files</Filter>
    </ClCompile>
    <ClCompile Include="src\notes.c">
      <Filter>Source Files</Filter>
    </ClCompile>
    <ClCompile Include="src\wavHandler.c">
      <Filter>Source Files</Filter>
    </ClCompile>
    <ClCompile Include="tests\mainTests.c">
      <Filter>Source Files</Filter>
    </ClCompile>
    <ClCompile Include="tests\testFFT.c">
      <Filter>Source Files</Filter>
    </ClCompile>
    <ClCompile Include="tests\testFrequencyHandler.c">
      <Filter>Source Files</Filter>
    </ClCompile>
    <ClCompile Include="tests\testMidi.c">
      <Filter>Source Files</Filter>
    </ClCompile>
    <ClCompile Include="tests\testNotes.c">
      <Filter>Source Files</Filter>
    </ClCompile>
    <ClCompile Include="tests\testWavHandler.c">
      <Filter>Source Files</Filter>
    </ClCompile>
  </ItemGroup>
  <ItemGroup>
    <ClInclude Include="libfftw3\fftw3.h">
      <Filter>Header Files</Filter>
    </ClInclude>
    <ClInclude Include="src\FFT.h">
      <Filter>Header Files</Filter>
    </ClInclude>
    <ClInclude Include="src\frequencyHandler.h">
      <Filter>Header Files</Filter>
    </ClInclude>
    <ClInclude Include="src\global.h">
      <Filter>Header Files</Filter>
    </ClInclude>
    <ClInclude Include="src\gui.h">
      <Filter>Header Files</Filter>
    </ClInclude>
    <ClInclude Include="src\mainFunctions.h">
      <Filter>Header Files</Filter>
    </ClInclude>
    <ClInclude Include="src\MIDIHandler.h">
      <Filter>Header Files</Filter>
    </ClInclude>
    <ClInclude Include="src\notes.h">
      <Filter>Header Files</Filter>
    </ClInclude>
    <ClInclude Include="src\wavHandler.h">
      <Filter>Header Files</Filter>
    </ClInclude>
    <ClInclude Include="tests\testFFT.h">
      <Filter>Header Files</Filter>
    </ClInclude>
    <ClInclude Include="tests\testFrequencyHandler.h">
      <Filter>Header Files</Filter>
    </ClInclude>
    <ClInclude Include="tests\testMidi.h">
      <Filter>Header Files</Filter>
    </ClInclude>
    <ClInclude Include="tests\testNotes.h">
      <Filter>Header Files</Filter>
    </ClInclude>
    <ClInclude Include="tests\testWavHandler.h">
      <Filter>Header Files</Filter>
    </ClInclude>
    <ClInclude Include="stdintgcc.h">
      <Filter>Header Files</Filter>
    </ClInclude>
  </ItemGroup>
</Project>